
Microsoft Visual Studio Solution File, Format Version 12.00
# Visual Studio Version 17
VisualStudioVersion = 17.6.33723.286
MinimumVisualStudioVersion = 10.0.40219.1
Project("{9A19103F-16F7-4668-BE54-9A1E7A4F7556}") = "ValidatorLibrary", "ValidatorLibrary\ValidatorLibrary.csproj", "{0551F63D-E068-4F7E-BC0C-414F31368E48}"
	ProjectSection(ProjectDependencies) = postProject
		{79BACFC7-54D1-4B60-ABAE-AB33B2E420BF} = {79BACFC7-54D1-4B60-ABAE-AB33B2E420BF}
	EndProjectSection
EndProject
Project("{FAE04EC0-301F-11D3-BF4B-00C04F79EFBC}") = "ValidatorLibraryTests", "ValidatorLibraryTests\ValidatorLibraryTests.csproj", "{79BACFC7-54D1-4B60-ABAE-AB33B2E420BF}"
EndProject
Global
	GlobalSection(SolutionConfigurationPlatforms) = preSolution
		Debug|Any CPU = Debug|Any CPU
		Release|Any CPU = Release|Any CPU
	EndGlobalSection
	GlobalSection(ProjectConfigurationPlatforms) = postSolution
		{0551F63D-E068-4F7E-BC0C-414F31368E48}.Debug|Any CPU.ActiveCfg = Debug|Any CPU
		{0551F63D-E068-4F7E-BC0C-414F31368E48}.Debug|Any CPU.Build.0 = Debug|Any CPU
		{0551F63D-E068-4F7E-BC0C-414F31368E48}.Release|Any CPU.ActiveCfg = Release|Any CPU
		{0551F63D-E068-4F7E-BC0C-414F31368E48}.Release|Any CPU.Build.0 = Release|Any CPU
		{79BACFC7-54D1-4B60-ABAE-AB33B2E420BF}.Debug|Any CPU.ActiveCfg = Debug|Any CPU
		{79BACFC7-54D1-4B60-ABAE-AB33B2E420BF}.Debug|Any CPU.Build.0 = Debug|Any CPU
		{79BACFC7-54D1-4B60-ABAE-AB33B2E420BF}.Release|Any CPU.ActiveCfg = Release|Any CPU
		{79BACFC7-54D1-4B60-ABAE-AB33B2E420BF}.Release|Any CPU.Build.0 = Release|Any CPU
	EndGlobalSection
	GlobalSection(SolutionProperties) = preSolution
		HideSolutionNode = FALSE
	EndGlobalSection
	GlobalSection(ExtensibilityGlobals) = postSolution
		SolutionGuid = {1B79CF2E-6814-4E69-B774-710E1CC8C1A4}
	EndGlobalSection
EndGlobal
